PODS:
  - Flutter (1.0.0)
  - flutter_plugin_engagelab (0.0.3):
    - Flutter
    - MTPush (= 4.3.0)
  - MTPush (4.3.0)

DEPENDENCIES:
  - Flutter (from `Flutter`)
  - flutter_plugin_engagelab (from `.symlinks/plugins/flutter_plugin_engagelab/ios`)

SPEC REPOS:
  trunk:
    - MTPush

EXTERNAL SOURCES:
  Flutter:
    :path: Flutter
  flutter_plugin_engagelab:
    :path: ".symlinks/plugins/flutter_plugin_engagelab/ios"

SPEC CHECKSUMS:
  Flutter: 50d75fe2f02b26cc09d224853bb45737f8b3214a
  flutter_plugin_engagelab: b2f357294678bed680ff8f349b077edd6106723a
  MTPush: 4de9a8373c7d1a16a77c2da3499afc7eb601293e

PODFILE CHECKSUM: 8e679eca47255a8ca8067c4c67aab20e64cb974d

COCOAPODS: 1.11.3
