PODS:
  - Flutter (1.0.0)
  - flutter_plugin_engagelab (0.0.3):
    - Flutter
    - MTPush (= 5.4.1)
  - MTPush (5.4.1)

DEPENDENCIES:
  - Flutter (from `Flutter`)
  - flutter_plugin_engagelab (from `.symlinks/plugins/flutter_plugin_engagelab/ios`)

SPEC REPOS:
  trunk:
    - MTPush

EXTERNAL SOURCES:
  Flutter:
    :path: Flutter
  flutter_plugin_engagelab:
    :path: ".symlinks/plugins/flutter_plugin_engagelab/ios"

SPEC CHECKSUMS:
  Flutter: cabc95a1d2626b1b06e7179b784ebcf0c0cde467
  flutter_plugin_engagelab: 3cab05c7acc2d594e12ee82babbfa0f0fac36fc4
  MTPush: b567b59e88108263b64a121c28e00623fbe7ed03

PODFILE CHECKSUM: 3ce3a3b82c5cf6a622cb22850b0afa4ee279bea6

COCOAPODS: 1.16.2
